# THIS IS AN AUTOGENERATED FILE. DO NOT EDIT THIS FILE DIRECTLY.
# yarn lockfile v1


node-fetch@2.6.1:
  version "2.6.1"
  resolved "https://registry.yarnpkg.com/node-fetch/-/node-fetch-2.6.1.tgz#045bd323631f76ed2e2b55573394416b639a0052"
  integrity sha512-V4aYg89jEoVRxRb2fJdAg8FHvI7cEyYdVAh94HH0UIK8oJxUfkjlDQN9RbMx+bEjP7+ggMiFRprSti032Oipxw==

tmi.js@^1.7.5:
  version "1.7.5"
  resolved "https://registry.yarnpkg.com/tmi.js/-/tmi.js-1.7.5.tgz#da5ce238b8bb38c01c3c6717b73441b9f1c8ae84"
  integrity sha512-j3kAnJ8KkWbvwhKhQchleyzZEuPa/5rWdeV7MNBEYEAqGhbZuXR+FfI1QgKphYqUrJ4qFAB3WjHG2YlhGq3PDg==
  dependencies:
    node-fetch "2.6.1"
    ws "7.4.3"

ws@7.4.3:
  version "7.4.3"
  resolved "https://registry.yarnpkg.com/ws/-/ws-7.4.3.tgz#1f9643de34a543b8edb124bdcbc457ae55a6e5cd"
  integrity sha512-hr6vCR76GsossIRsr8OLR9acVVm1jyfEWvhbNjtgPOrfvAlKzvyeg/P6r8RuDjRyrcQoPQT7K0DGEPc7Ae6jzA==
